
Microsoft Visual Studio Solution File, Format Version 12.00
# Visual Studio Version 17
VisualStudioVersion = 17.0.32014.148
MinimumVisualStudioVersion = 10.0.40219.1
Project("{FAE04EC0-301F-11D3-BF4B-00C04F79EFBC}") = "facade", "facade\facade.csproj", "{42A76677-A8EC-407D-9280-E91546DBAF81}"
EndProject
Global
	GlobalSection(SolutionConfigurationPlatforms) = preSolution
		Debug|Any CPU = Debug|Any CPU
		Release|Any CPU = Release|Any CPU
	EndGlobalSection
	GlobalSection(ProjectConfigurationPlatforms) = postSolution
		{42A76677-A8EC-407D-9280-E91546DBAF81}.Debug|Any CPU.ActiveCfg = Debug|Any CPU
		{42A76677-A8EC-407D-9280-E91546DBAF81}.Debug|Any CPU.Build.0 = Debug|Any CPU
		{42A76677-A8EC-407D-9280-E91546DBAF81}.Release|Any CPU.ActiveCfg = Release|Any CPU
		{42A76677-A8EC-407D-9280-E91546DBAF81}.Release|Any CPU.Build.0 = Release|Any CPU
	EndGlobalSection
	GlobalSection(SolutionProperties) = preSolution
		HideSolutionNode = FALSE
	EndGlobalSection
	GlobalSection(ExtensibilityGlobals) = postSolution
		SolutionGuid = {6C24A331-955B-4F39-BC2F-8D0B6C62D42F}
	EndGlobalSection
EndGlobal
